
Microsoft Visual Studio Solution File, Format Version 12.00
# Visual Studio Version 16
VisualStudioVersion = 16.0.31515.178
MinimumVisualStudioVersion = 10.0.40219.1
Project("{9A19103F-16F7-4668-BE54-9A1E7A4F7556}") = "CarsInfo.WebApi", "CarsInfo.WebApi\CarsInfo.WebApi.csproj", "{FD3BCFB9-EC89-40C6-B0F0-0F145B2FB41A}"
EndProject
Project("{2150E333-8FDC-42A3-9474-1A3956D46DE8}") = "PL", "PL", "{65012DB2-971D-459C-B161-68600218E062}"
EndProject
Project("{9A19103F-16F7-4668-BE54-9A1E7A4F7556}") = "CarsInfo.Infrastructure", "CarsInfo.Infrastructure\CarsInfo.Infrastructure.csproj", "{6D7F9EAE-EAF8-4211-AD2B-BCA988D752E6}"
EndProject
Project("{2150E333-8FDC-42A3-9474-1A3956D46DE8}") = "Infrastructure", "Infrastructure", "{5ECF241E-83BD-4DA1-A889-5C4913584A54}"
EndProject
Project("{2150E333-8FDC-42A3-9474-1A3956D46DE8}") = "Domain", "Domain", "{C4C90658-1754-41BE-962C-C6E0CC23257D}"
EndProject
Project("{9A19103F-16F7-4668-BE54-9A1E7A4F7556}") = "CarsInfo.Domain", "CarsInfo.Domain\CarsInfo.Domain.csproj", "{668B0C88-8E87-40AA-873E-88A156B24CB8}"
EndProject
Project("{2150E333-8FDC-42A3-9474-1A3956D46DE8}") = "Application", "Application", "{630DB697-563A-44A4-A3E6-F163D75E5B38}"
EndProject
Project("{9A19103F-16F7-4668-BE54-9A1E7A4F7556}") = "CarsInfo.Application.Persistence", "CarsInfo.Application.Persistence\CarsInfo.Application.Persistence.csproj", "{6394D6E4-FCC2-452A-BDFC-8D8FBC310868}"
EndProject
Project("{9A19103F-16F7-4668-BE54-9A1E7A4F7556}") = "CarsInfo.Application.BusinessLogic", "CarsInfo.Application.BusinessLogic\CarsInfo.Application.BusinessLogic.csproj", "{0F0E8958-52E9-46ED-B473-6FDC85FB4735}"
EndProject
Project("{9A19103F-16F7-4668-BE54-9A1E7A4F7556}") = "CarsInfo.Infrastructure.Persistence", "CarsInfo.Infrastructure.Persistence\CarsInfo.Infrastructure.Persistence.csproj", "{0B9E40AD-A9BA-4F3F-9B8D-58D667A2470D}"
EndProject
Project("{9A19103F-16F7-4668-BE54-9A1E7A4F7556}") = "CarsInfo.Infrastructure.BusinessLogic", "CarsInfo.Infrastructure.BusinessLogic\CarsInfo.Infrastructure.BusinessLogic.csproj", "{CE4D5660-B712-4DEC-BBAD-2BAE16D1A6F4}"
EndProject
Project("{9A19103F-16F7-4668-BE54-9A1E7A4F7556}") = "CarsInfo.Infrastructure.DB", "CarsInfo.Infrastructure.DB\CarsInfo.Infrastructure.DB.csproj", "{0CF4A886-754E-4D16-BDF7-55704AD5A8D6}"
EndProject
Project("{2150E333-8FDC-42A3-9474-1A3956D46DE8}") = "Tests", "Tests", "{7AE08F9B-B401-4FE1-9072-B41D5188152A}"
EndProject
Project("{9A19103F-16F7-4668-BE54-9A1E7A4F7556}") = "CarsInfo.WebApi.PerformanceTest", "CarsInfo.WebApi.PerformanceTest\CarsInfo.WebApi.PerformanceTest.csproj", "{F4850804-0795-40AD-8BB1-2A2AAE50DA65}"
EndProject
Project("{9A19103F-16F7-4668-BE54-9A1E7A4F7556}") = "CarsInfo.WebApi.IntegrationTest", "CarsInfo.WebApi.IntegrationTest\CarsInfo.WebApi.IntegrationTest.csproj", "{F4650D6E-B020-4F21-B2B6-1D61C9F6AF17}"
EndProject
Project("{2150E333-8FDC-42A3-9474-1A3956D46DE8}") = "Common", "Common", "{D848B646-8B9E-4AA2-9A4F-F280D5EDE06D}"
EndProject
Project("{FAE04EC0-301F-11D3-BF4B-00C04F79EFBC}") = "CarsInfo.Common.Installers", "CarsInfo.Common.Installers\CarsInfo.Common.Installers.csproj", "{0A720F22-3ED3-41DE-88EE-A0E7D4CCF298}"
EndProject
Global
	GlobalSection(SolutionConfigurationPlatforms) = preSolution
		Debug|Any CPU = Debug|Any CPU
		Release|Any CPU = Release|Any CPU
	EndGlobalSection
	GlobalSection(ProjectConfigurationPlatforms) = postSolution
		{FD3BCFB9-EC89-40C6-B0F0-0F145B2FB41A}.Debug|Any CPU.ActiveCfg = Debug|Any CPU
		{FD3BCFB9-EC89-40C6-B0F0-0F145B2FB41A}.Debug|Any CPU.Build.0 = Debug|Any CPU
		{FD3BCFB9-EC89-40C6-B0F0-0F145B2FB41A}.Release|Any CPU.ActiveCfg = Release|Any CPU
		{FD3BCFB9-EC89-40C6-B0F0-0F145B2FB41A}.Release|Any CPU.Build.0 = Release|Any CPU
		{6D7F9EAE-EAF8-4211-AD2B-BCA988D752E6}.Debug|Any CPU.ActiveCfg = Debug|Any CPU
		{6D7F9EAE-EAF8-4211-AD2B-BCA988D752E6}.Debug|Any CPU.Build.0 = Debug|Any CPU
		{6D7F9EAE-EAF8-4211-AD2B-BCA988D752E6}.Release|Any CPU.ActiveCfg = Release|Any CPU
		{6D7F9EAE-EAF8-4211-AD2B-BCA988D752E6}.Release|Any CPU.Build.0 = Release|Any CPU
		{668B0C88-8E87-40AA-873E-88A156B24CB8}.Debug|Any CPU.ActiveCfg = Debug|Any CPU
		{668B0C88-8E87-40AA-873E-88A156B24CB8}.Debug|Any CPU.Build.0 = Debug|Any CPU
		{668B0C88-8E87-40AA-873E-88A156B24CB8}.Release|Any CPU.ActiveCfg = Release|Any CPU
		{668B0C88-8E87-40AA-873E-88A156B24CB8}.Release|Any CPU.Build.0 = Release|Any CPU
		{6394D6E4-FCC2-452A-BDFC-8D8FBC310868}.Debug|Any CPU.ActiveCfg = Debug|Any CPU
		{6394D6E4-FCC2-452A-BDFC-8D8FBC310868}.Debug|Any CPU.Build.0 = Debug|Any CPU
		{6394D6E4-FCC2-452A-BDFC-8D8FBC310868}.Release|Any CPU.ActiveCfg = Release|Any CPU
		{6394D6E4-FCC2-452A-BDFC-8D8FBC310868}.Release|Any CPU.Build.0 = Release|Any CPU
		{0F0E8958-52E9-46ED-B473-6FDC85FB4735}.Debug|Any CPU.ActiveCfg = Debug|Any CPU
		{0F0E8958-52E9-46ED-B473-6FDC85FB4735}.Debug|Any CPU.Build.0 = Debug|Any CPU
		{0F0E8958-52E9-46ED-B473-6FDC85FB4735}.Release|Any CPU.ActiveCfg = Release|Any CPU
		{0F0E8958-52E9-46ED-B473-6FDC85FB4735}.Release|Any CPU.Build.0 = Release|Any CPU
		{0B9E40AD-A9BA-4F3F-9B8D-58D667A2470D}.Debug|Any CPU.ActiveCfg = Debug|Any CPU
		{0B9E40AD-A9BA-4F3F-9B8D-58D667A2470D}.Debug|Any CPU.Build.0 = Debug|Any CPU
		{0B9E40AD-A9BA-4F3F-9B8D-58D667A2470D}.Release|Any CPU.ActiveCfg = Release|Any CPU
		{0B9E40AD-A9BA-4F3F-9B8D-58D667A2470D}.Release|Any CPU.Build.0 = Release|Any CPU
		{CE4D5660-B712-4DEC-BBAD-2BAE16D1A6F4}.Debug|Any CPU.ActiveCfg = Debug|Any CPU
		{CE4D5660-B712-4DEC-BBAD-2BAE16D1A6F4}.Debug|Any CPU.Build.0 = Debug|Any CPU
		{CE4D5660-B712-4DEC-BBAD-2BAE16D1A6F4}.Release|Any CPU.ActiveCfg = Release|Any CPU
		{CE4D5660-B712-4DEC-BBAD-2BAE16D1A6F4}.Release|Any CPU.Build.0 = Release|Any CPU
		{0CF4A886-754E-4D16-BDF7-55704AD5A8D6}.Debug|Any CPU.ActiveCfg = Debug|Any CPU
		{0CF4A886-754E-4D16-BDF7-55704AD5A8D6}.Debug|Any CPU.Build.0 = Debug|Any CPU
		{0CF4A886-754E-4D16-BDF7-55704AD5A8D6}.Release|Any CPU.ActiveCfg = Release|Any CPU
		{0CF4A886-754E-4D16-BDF7-55704AD5A8D6}.Release|Any CPU.Build.0 = Release|Any CPU
		{F4850804-0795-40AD-8BB1-2A2AAE50DA65}.Debug|Any CPU.ActiveCfg = Debug|Any CPU
		{F4850804-0795-40AD-8BB1-2A2AAE50DA65}.Debug|Any CPU.Build.0 = Debug|Any CPU
		{F4850804-0795-40AD-8BB1-2A2AAE50DA65}.Release|Any CPU.ActiveCfg = Release|Any CPU
		{F4850804-0795-40AD-8BB1-2A2AAE50DA65}.Release|Any CPU.Build.0 = Release|Any CPU
		{F4650D6E-B020-4F21-B2B6-1D61C9F6AF17}.Debug|Any CPU.ActiveCfg = Debug|Any CPU
		{F4650D6E-B020-4F21-B2B6-1D61C9F6AF17}.Debug|Any CPU.Build.0 = Debug|Any CPU
		{F4650D6E-B020-4F21-B2B6-1D61C9F6AF17}.Release|Any CPU.ActiveCfg = Release|Any CPU
		{F4650D6E-B020-4F21-B2B6-1D61C9F6AF17}.Release|Any CPU.Build.0 = Release|Any CPU
		{0A720F22-3ED3-41DE-88EE-A0E7D4CCF298}.Debug|Any CPU.ActiveCfg = Debug|Any CPU
		{0A720F22-3ED3-41DE-88EE-A0E7D4CCF298}.Debug|Any CPU.Build.0 = Debug|Any CPU
		{0A720F22-3ED3-41DE-88EE-A0E7D4CCF298}.Release|Any CPU.ActiveCfg = Release|Any CPU
		{0A720F22-3ED3-41DE-88EE-A0E7D4CCF298}.Release|Any CPU.Build.0 = Release|Any CPU
	EndGlobalSection
	GlobalSection(SolutionProperties) = preSolution
		HideSolutionNode = FALSE
	EndGlobalSection
	GlobalSection(NestedProjects) = preSolution
		{FD3BCFB9-EC89-40C6-B0F0-0F145B2FB41A} = {65012DB2-971D-459C-B161-68600218E062}
		{6D7F9EAE-EAF8-4211-AD2B-BCA988D752E6} = {5ECF241E-83BD-4DA1-A889-5C4913584A54}
		{668B0C88-8E87-40AA-873E-88A156B24CB8} = {C4C90658-1754-41BE-962C-C6E0CC23257D}
		{6394D6E4-FCC2-452A-BDFC-8D8FBC310868} = {630DB697-563A-44A4-A3E6-F163D75E5B38}
		{0F0E8958-52E9-46ED-B473-6FDC85FB4735} = {630DB697-563A-44A4-A3E6-F163D75E5B38}
		{0B9E40AD-A9BA-4F3F-9B8D-58D667A2470D} = {5ECF241E-83BD-4DA1-A889-5C4913584A54}
		{CE4D5660-B712-4DEC-BBAD-2BAE16D1A6F4} = {5ECF241E-83BD-4DA1-A889-5C4913584A54}
		{0CF4A886-754E-4D16-BDF7-55704AD5A8D6} = {5ECF241E-83BD-4DA1-A889-5C4913584A54}
		{F4850804-0795-40AD-8BB1-2A2AAE50DA65} = {7AE08F9B-B401-4FE1-9072-B41D5188152A}
		{F4650D6E-B020-4F21-B2B6-1D61C9F6AF17} = {7AE08F9B-B401-4FE1-9072-B41D5188152A}
		{0A720F22-3ED3-41DE-88EE-A0E7D4CCF298} = {D848B646-8B9E-4AA2-9A4F-F280D5EDE06D}
	EndGlobalSection
	GlobalSection(ExtensibilityGlobals) = postSolution
		SolutionGuid = {1252DC9C-CBD6-4366-8FC3-481147FBC06D}
	EndGlobalSection
EndGlobal
