
Microsoft Visual Studio Solution File, Format Version 12.00
# Visual Studio Version 16
VisualStudioVersion = 16.0.31515.178
MinimumVisualStudioVersion = 10.0.40219.1
Project("{2150E333-8FDC-42A3-9474-1A3956D46DE8}") = "DAL", "DAL", "{4576B07D-43C2-4C3D-B947-BB18D0BE9D7B}"
EndProject
Project("{9A19103F-16F7-4668-BE54-9A1E7A4F7556}") = "CarsInfo.DAL", "CarsInfo.DAL\CarsInfo.DAL.csproj", "{38583905-C69E-4FC7-8D29-3C0814CF7105}"
EndProject
Project("{2150E333-8FDC-42A3-9474-1A3956D46DE8}") = "BLL", "BLL", "{53625CD6-1359-4327-9B31-C01CB2AE0883}"
EndProject
Global
	GlobalSection(SolutionConfigurationPlatforms) = preSolution
		Debug|Any CPU = Debug|Any CPU
		Release|Any CPU = Release|Any CPU
	EndGlobalSection
	GlobalSection(ProjectConfigurationPlatforms) = postSolution
		{38583905-C69E-4FC7-8D29-3C0814CF7105}.Debug|Any CPU.ActiveCfg = Debug|Any CPU
		{38583905-C69E-4FC7-8D29-3C0814CF7105}.Debug|Any CPU.Build.0 = Debug|Any CPU
		{38583905-C69E-4FC7-8D29-3C0814CF7105}.Release|Any CPU.ActiveCfg = Release|Any CPU
		{38583905-C69E-4FC7-8D29-3C0814CF7105}.Release|Any CPU.Build.0 = Release|Any CPU
	EndGlobalSection
	GlobalSection(SolutionProperties) = preSolution
		HideSolutionNode = FALSE
	EndGlobalSection
	GlobalSection(NestedProjects) = preSolution
		{38583905-C69E-4FC7-8D29-3C0814CF7105} = {4576B07D-43C2-4C3D-B947-BB18D0BE9D7B}
	EndGlobalSection
	GlobalSection(ExtensibilityGlobals) = postSolution
		SolutionGuid = {1252DC9C-CBD6-4366-8FC3-481147FBC06D}
	EndGlobalSection
EndGlobal
