
Microsoft Visual Studio Solution File, Format Version 12.00
# Visual Studio Version 16
VisualStudioVersion = 16.0.31515.178
MinimumVisualStudioVersion = 10.0.40219.1
Project("{2150E333-8FDC-42A3-9474-1A3956D46DE8}") = "BLL", "BLL", "{53625CD6-1359-4327-9B31-C01CB2AE0883}"
EndProject
Project("{9A19103F-16F7-4668-BE54-9A1E7A4F7556}") = "CarsInfo.BLL", "CarsInfo.BLL\CarsInfo.BLL.csproj", "{6C2E0ABC-AE3D-4819-B977-C5AC1085549F}"
EndProject
Project("{9A19103F-16F7-4668-BE54-9A1E7A4F7556}") = "CarsInfo.WebApi", "CarsInfo.WebApi\CarsInfo.WebApi.csproj", "{FD3BCFB9-EC89-40C6-B0F0-0F145B2FB41A}"
EndProject
Project("{2150E333-8FDC-42A3-9474-1A3956D46DE8}") = "PL", "PL", "{65012DB2-971D-459C-B161-68600218E062}"
EndProject
Project("{9A19103F-16F7-4668-BE54-9A1E7A4F7556}") = "CarsInfo.Infrastructure", "CarsInfo.Infrastructure\CarsInfo.Infrastructure.csproj", "{6D7F9EAE-EAF8-4211-AD2B-BCA988D752E6}"
EndProject
Project("{9A19103F-16F7-4668-BE54-9A1E7A4F7556}") = "CarsInfo.WebApi.ViewModels", "CarsInfo.WebApi.ViewModels\CarsInfo.WebApi.ViewModels.csproj", "{63D4696E-5522-4503-9699-4231868C551A}"
EndProject
Project("{2150E333-8FDC-42A3-9474-1A3956D46DE8}") = "Infrastructure", "Infrastructure", "{5ECF241E-83BD-4DA1-A889-5C4913584A54}"
EndProject
Project("{9A19103F-16F7-4668-BE54-9A1E7A4F7556}") = "CarsInfo.DB", "CarsInfo.DB\CarsInfo.DB.csproj", "{54DA49C8-F53A-4BF9-86F5-B7F985C3283C}"
EndProject
Project("{2150E333-8FDC-42A3-9474-1A3956D46DE8}") = "Domain", "Domain", "{C4C90658-1754-41BE-962C-C6E0CC23257D}"
EndProject
Project("{FAE04EC0-301F-11D3-BF4B-00C04F79EFBC}") = "CarsInfo.Domain", "CarsInfo.Domain\CarsInfo.Domain.csproj", "{668B0C88-8E87-40AA-873E-88A156B24CB8}"
EndProject
Project("{2150E333-8FDC-42A3-9474-1A3956D46DE8}") = "Application", "Application", "{630DB697-563A-44A4-A3E6-F163D75E5B38}"
EndProject
Project("{FAE04EC0-301F-11D3-BF4B-00C04F79EFBC}") = "CarsInfo.Application.Persistence", "CarsInfo.Application.Persistence\CarsInfo.Application.Persistence.csproj", "{6394D6E4-FCC2-452A-BDFC-8D8FBC310868}"
EndProject
Project("{FAE04EC0-301F-11D3-BF4B-00C04F79EFBC}") = "CarsInfo.Application.BusinessLogic", "CarsInfo.Application.BusinessLogic\CarsInfo.Application.BusinessLogic.csproj", "{0F0E8958-52E9-46ED-B473-6FDC85FB4735}"
EndProject
Project("{FAE04EC0-301F-11D3-BF4B-00C04F79EFBC}") = "CarsInfo.Infrastructure.Persistence", "CarsInfo.Infrastructure.Persistence\CarsInfo.Infrastructure.Persistence.csproj", "{0B9E40AD-A9BA-4F3F-9B8D-58D667A2470D}"
EndProject
Global
	GlobalSection(SolutionConfigurationPlatforms) = preSolution
		Debug|Any CPU = Debug|Any CPU
		Release|Any CPU = Release|Any CPU
	EndGlobalSection
	GlobalSection(ProjectConfigurationPlatforms) = postSolution
		{6C2E0ABC-AE3D-4819-B977-C5AC1085549F}.Debug|Any CPU.ActiveCfg = Debug|Any CPU
		{6C2E0ABC-AE3D-4819-B977-C5AC1085549F}.Debug|Any CPU.Build.0 = Debug|Any CPU
		{6C2E0ABC-AE3D-4819-B977-C5AC1085549F}.Release|Any CPU.ActiveCfg = Release|Any CPU
		{6C2E0ABC-AE3D-4819-B977-C5AC1085549F}.Release|Any CPU.Build.0 = Release|Any CPU
		{FD3BCFB9-EC89-40C6-B0F0-0F145B2FB41A}.Debug|Any CPU.ActiveCfg = Debug|Any CPU
		{FD3BCFB9-EC89-40C6-B0F0-0F145B2FB41A}.Debug|Any CPU.Build.0 = Debug|Any CPU
		{FD3BCFB9-EC89-40C6-B0F0-0F145B2FB41A}.Release|Any CPU.ActiveCfg = Release|Any CPU
		{FD3BCFB9-EC89-40C6-B0F0-0F145B2FB41A}.Release|Any CPU.Build.0 = Release|Any CPU
		{6D7F9EAE-EAF8-4211-AD2B-BCA988D752E6}.Debug|Any CPU.ActiveCfg = Debug|Any CPU
		{6D7F9EAE-EAF8-4211-AD2B-BCA988D752E6}.Debug|Any CPU.Build.0 = Debug|Any CPU
		{6D7F9EAE-EAF8-4211-AD2B-BCA988D752E6}.Release|Any CPU.ActiveCfg = Release|Any CPU
		{6D7F9EAE-EAF8-4211-AD2B-BCA988D752E6}.Release|Any CPU.Build.0 = Release|Any CPU
		{63D4696E-5522-4503-9699-4231868C551A}.Debug|Any CPU.ActiveCfg = Debug|Any CPU
		{63D4696E-5522-4503-9699-4231868C551A}.Debug|Any CPU.Build.0 = Debug|Any CPU
		{63D4696E-5522-4503-9699-4231868C551A}.Release|Any CPU.ActiveCfg = Release|Any CPU
		{63D4696E-5522-4503-9699-4231868C551A}.Release|Any CPU.Build.0 = Release|Any CPU
		{54DA49C8-F53A-4BF9-86F5-B7F985C3283C}.Debug|Any CPU.ActiveCfg = Debug|Any CPU
		{54DA49C8-F53A-4BF9-86F5-B7F985C3283C}.Debug|Any CPU.Build.0 = Debug|Any CPU
		{54DA49C8-F53A-4BF9-86F5-B7F985C3283C}.Release|Any CPU.ActiveCfg = Release|Any CPU
		{54DA49C8-F53A-4BF9-86F5-B7F985C3283C}.Release|Any CPU.Build.0 = Release|Any CPU
		{668B0C88-8E87-40AA-873E-88A156B24CB8}.Debug|Any CPU.ActiveCfg = Debug|Any CPU
		{668B0C88-8E87-40AA-873E-88A156B24CB8}.Debug|Any CPU.Build.0 = Debug|Any CPU
		{668B0C88-8E87-40AA-873E-88A156B24CB8}.Release|Any CPU.ActiveCfg = Release|Any CPU
		{668B0C88-8E87-40AA-873E-88A156B24CB8}.Release|Any CPU.Build.0 = Release|Any CPU
		{6394D6E4-FCC2-452A-BDFC-8D8FBC310868}.Debug|Any CPU.ActiveCfg = Debug|Any CPU
		{6394D6E4-FCC2-452A-BDFC-8D8FBC310868}.Debug|Any CPU.Build.0 = Debug|Any CPU
		{6394D6E4-FCC2-452A-BDFC-8D8FBC310868}.Release|Any CPU.ActiveCfg = Release|Any CPU
		{6394D6E4-FCC2-452A-BDFC-8D8FBC310868}.Release|Any CPU.Build.0 = Release|Any CPU
		{0F0E8958-52E9-46ED-B473-6FDC85FB4735}.Debug|Any CPU.ActiveCfg = Debug|Any CPU
		{0F0E8958-52E9-46ED-B473-6FDC85FB4735}.Debug|Any CPU.Build.0 = Debug|Any CPU
		{0F0E8958-52E9-46ED-B473-6FDC85FB4735}.Release|Any CPU.ActiveCfg = Release|Any CPU
		{0F0E8958-52E9-46ED-B473-6FDC85FB4735}.Release|Any CPU.Build.0 = Release|Any CPU
		{0B9E40AD-A9BA-4F3F-9B8D-58D667A2470D}.Debug|Any CPU.ActiveCfg = Debug|Any CPU
		{0B9E40AD-A9BA-4F3F-9B8D-58D667A2470D}.Debug|Any CPU.Build.0 = Debug|Any CPU
		{0B9E40AD-A9BA-4F3F-9B8D-58D667A2470D}.Release|Any CPU.ActiveCfg = Release|Any CPU
		{0B9E40AD-A9BA-4F3F-9B8D-58D667A2470D}.Release|Any CPU.Build.0 = Release|Any CPU
	EndGlobalSection
	GlobalSection(SolutionProperties) = preSolution
		HideSolutionNode = FALSE
	EndGlobalSection
	GlobalSection(NestedProjects) = preSolution
		{6C2E0ABC-AE3D-4819-B977-C5AC1085549F} = {53625CD6-1359-4327-9B31-C01CB2AE0883}
		{FD3BCFB9-EC89-40C6-B0F0-0F145B2FB41A} = {65012DB2-971D-459C-B161-68600218E062}
		{6D7F9EAE-EAF8-4211-AD2B-BCA988D752E6} = {5ECF241E-83BD-4DA1-A889-5C4913584A54}
		{63D4696E-5522-4503-9699-4231868C551A} = {65012DB2-971D-459C-B161-68600218E062}
		{54DA49C8-F53A-4BF9-86F5-B7F985C3283C} = {5ECF241E-83BD-4DA1-A889-5C4913584A54}
		{668B0C88-8E87-40AA-873E-88A156B24CB8} = {C4C90658-1754-41BE-962C-C6E0CC23257D}
		{6394D6E4-FCC2-452A-BDFC-8D8FBC310868} = {630DB697-563A-44A4-A3E6-F163D75E5B38}
		{0F0E8958-52E9-46ED-B473-6FDC85FB4735} = {630DB697-563A-44A4-A3E6-F163D75E5B38}
		{0B9E40AD-A9BA-4F3F-9B8D-58D667A2470D} = {5ECF241E-83BD-4DA1-A889-5C4913584A54}
	EndGlobalSection
	GlobalSection(ExtensibilityGlobals) = postSolution
		SolutionGuid = {1252DC9C-CBD6-4366-8FC3-481147FBC06D}
	EndGlobalSection
EndGlobal
